<?xml version="1.0" encoding="utf-8"?>
<Project ToolsVersion="4.0" xmlns="http://schemas.microsoft.com/developer/msbuild/2003">
  <ItemGroup>
    <Filter Include="Source Files">
      <UniqueIdentifier>{4FC737F1-C7A5-4376-A066-2A32D752A2FF}</UniqueIdentifier>
      <Extensions>cpp;c;cc;cxx;def;odl;idl;hpj;bat;asm;asmx</Extensions>
    </Filter>
    <Filter Include="Header Files">
      <UniqueIdentifier>{93995380-89BD-4b04-88EB-625FBE52EBFB}</UniqueIdentifier>
      <Extensions>h;hpp;hxx;hm;inl;inc;xsd</Extensions>
    </Filter>
    <Filter Include="Resource Files">
      <UniqueIdentifier>{67DA6AB6-F800-4c08-8B7A-83BB121AAD01}</UniqueIdentifier>
      <Extensions>rc;ico;cur;bmp;dlg;rc2;rct;bin;rgs;gif;jpg;jpeg;jpe;resx;tiff;tif;png;wav;mfcribbon-ms</Extensions>
    </Filter>
    <Filter Include="External Sources">
      <UniqueIdentifier>{466880e7-f59a-4117-b9db-d7a421e3f3f3}</UniqueIdentifier>
    </Filter>
  </ItemGroup>
  <ItemGroup>
    <ClInclude Include="unzip.h">
      <Filter>External Sources</Filter>
    </ClInclude>
    <ClInclude Include="Dedroid.h">
      <Filter>Header Files</Filter>
    </ClInclude>
    <ClInclude Include="cFile.h">
      <Filter>Header Files</Filter>
    </ClInclude>
    <ClInclude Include="cAndroidFile.h">
      <Filter>Header Files</Filter>
    </ClInclude>
    <ClInclude Include="hOpcodes.h">
      <Filter>Header Files</Filter>
    </ClInclude>
  </ItemGroup>
  <ItemGroup>
    <ClCompile Include="dllmain.cpp">
      <Filter>Source Files</Filter>
    </ClCompile>
    <ClCompile Include="unzip.cpp">
      <Filter>External Sources</Filter>
    </ClCompile>
    <ClCompile Include="cFile.cpp">
      <Filter>Source Files</Filter>
    </ClCompile>
    <ClCompile Include="cAndroidFile.cpp">
      <Filter>Source Files</Filter>
    </ClCompile>
    <ClCompile Include="sOpcodes.cpp">
      <Filter>Source Files</Filter>
    </ClCompile>
  </ItemGroup>
</Project>